
Microsoft Visual Studio Solution File, Format Version 12.00
# Visual Studio Version 16
VisualStudioVersion = 16.0.30523.141
MinimumVisualStudioVersion = 10.0.40219.1
Project("{9A19103F-16F7-4668-BE54-9A1E7A4F7556}") = "PathConverter", "PathConverter\PathConverter.csproj", "{FD48EB3A-F9E9-40F7-A916-9E2F7A3B84D9}"
EndProject
Project("{FAE04EC0-301F-11D3-BF4B-00C04F79EFBC}") = "PathConverter.Tests", "PathConverter.Tests\PathConverter.Tests.csproj", "{92BF9DE9-46E4-48EF-BF47-474EDCEA860C}"
EndProject
Global
	GlobalSection(SolutionConfigurationPlatforms) = preSolution
		Debug|Any CPU = Debug|Any CPU
		Release|Any CPU = Release|Any CPU
	EndGlobalSection
	GlobalSection(ProjectConfigurationPlatforms) = postSolution
		{FD48EB3A-F9E9-40F7-A916-9E2F7A3B84D9}.Debug|Any CPU.ActiveCfg = Debug|Any CPU
		{FD48EB3A-F9E9-40F7-A916-9E2F7A3B84D9}.Debug|Any CPU.Build.0 = Debug|Any CPU
		{FD48EB3A-F9E9-40F7-A916-9E2F7A3B84D9}.Release|Any CPU.ActiveCfg = Release|Any CPU
		{FD48EB3A-F9E9-40F7-A916-9E2F7A3B84D9}.Release|Any CPU.Build.0 = Release|Any CPU
		{92BF9DE9-46E4-48EF-BF47-474EDCEA860C}.Debug|Any CPU.ActiveCfg = Debug|Any CPU
		{92BF9DE9-46E4-48EF-BF47-474EDCEA860C}.Debug|Any CPU.Build.0 = Debug|Any CPU
		{92BF9DE9-46E4-48EF-BF47-474EDCEA860C}.Release|Any CPU.ActiveCfg = Release|Any CPU
		{92BF9DE9-46E4-48EF-BF47-474EDCEA860C}.Release|Any CPU.Build.0 = Release|Any CPU
	EndGlobalSection
	GlobalSection(SolutionProperties) = preSolution
		HideSolutionNode = FALSE
	EndGlobalSection
	GlobalSection(ExtensibilityGlobals) = postSolution
		SolutionGuid = {9FD1F35C-E3BE-410B-8710-E5109C8F63B0}
	EndGlobalSection
EndGlobal
